
Microsoft Visual Studio Solution File, Format Version 12.00
# Visual Studio Version 16
VisualStudioVersion = 16.0.30330.147
MinimumVisualStudioVersion = 10.0.40219.1
Project("{FAE04EC0-301F-11D3-BF4B-00C04F79EFBC}") = "LunchBuddies", "LunchBuddies\LunchBuddies.csproj", "{B2503733-7AB3-40B9-8F40-85070B11EBB5}"
EndProject
Global
	GlobalSection(SolutionConfigurationPlatforms) = preSolution
		Debug|Any CPU = Debug|Any CPU
		Release|Any CPU = Release|Any CPU
	EndGlobalSection
	GlobalSection(ProjectConfigurationPlatforms) = postSolution
		{B2503733-7AB3-40B9-8F40-85070B11EBB5}.Debug|Any CPU.ActiveCfg = Debug|Any CPU
		{B2503733-7AB3-40B9-8F40-85070B11EBB5}.Debug|Any CPU.Build.0 = Debug|Any CPU
		{B2503733-7AB3-40B9-8F40-85070B11EBB5}.Release|Any CPU.ActiveCfg = Release|Any CPU
		{B2503733-7AB3-40B9-8F40-85070B11EBB5}.Release|Any CPU.Build.0 = Release|Any CPU
	EndGlobalSection
	GlobalSection(SolutionProperties) = preSolution
		HideSolutionNode = FALSE
	EndGlobalSection
	GlobalSection(ExtensibilityGlobals) = postSolution
		SolutionGuid = {93238E3E-E5A9-48DF-AC14-906860FF754F}
	EndGlobalSection
EndGlobal
